
Microsoft Visual Studio Solution File, Format Version 12.00
# Visual Studio Version 16
VisualStudioVersion = 16.0.31112.23
MinimumVisualStudioVersion = 10.0.40219.1
Project("{9A19103F-16F7-4668-BE54-9A1E7A4F7556}") = "DataAccess", "DataAccess\DataAccess.csproj", "{914DFA2B-6AE2-48B7-B3BC-10107AEA102A}"
	ProjectSection(ProjectDependencies) = postProject
		{11EC3B9A-EF04-41C7-9471-5BCD620EE00A} = {11EC3B9A-EF04-41C7-9471-5BCD620EE00A}
		{9A0941D5-7422-42C6-BEBE-FEAF2F37BCF2} = {9A0941D5-7422-42C6-BEBE-FEAF2F37BCF2}
	EndProjectSection
EndProject
Project("{9A19103F-16F7-4668-BE54-9A1E7A4F7556}") = "Domain", "Domain\Domain.csproj", "{9A0941D5-7422-42C6-BEBE-FEAF2F37BCF2}"
EndProject
Project("{9A19103F-16F7-4668-BE54-9A1E7A4F7556}") = "YandexAPIWorker", "YandexAPIWorker\YandexAPIWorker.csproj", "{3909945A-0A50-425B-8AA8-5A47B53F7315}"
EndProject
Project("{9A19103F-16F7-4668-BE54-9A1E7A4F7556}") = "ConsoleTest", "ConsoleTest\ConsoleTest.csproj", "{9108DD2B-CB7F-4C86-A901-B6BDD78849E0}"
EndProject
Project("{9A19103F-16F7-4668-BE54-9A1E7A4F7556}") = "DTO", "DTO\DTO.csproj", "{11EC3B9A-EF04-41C7-9471-5BCD620EE00A}"
EndProject
Project("{9A19103F-16F7-4668-BE54-9A1E7A4F7556}") = "Tests", "Tests\Tests.csproj", "{C929856F-109D-4D06-A022-5AC3A4DA88A8}"
EndProject
Project("{9A19103F-16F7-4668-BE54-9A1E7A4F7556}") = "DbFiller", "YandexApiParser\DbFiller.csproj", "{C20F94E8-C151-44FA-8888-D1BFBBECD6DD}"
EndProject
Project("{9A19103F-16F7-4668-BE54-9A1E7A4F7556}") = "ShareBagAPI", "ShareBagAPI\ShareBagAPI.csproj", "{8959BB3B-81DC-44A8-80B6-0362255C53DA}"
EndProject
Global
	GlobalSection(SolutionConfigurationPlatforms) = preSolution
		Debug|Any CPU = Debug|Any CPU
		Release|Any CPU = Release|Any CPU
	EndGlobalSection
	GlobalSection(ProjectConfigurationPlatforms) = postSolution
		{914DFA2B-6AE2-48B7-B3BC-10107AEA102A}.Debug|Any CPU.ActiveCfg = Debug|Any CPU
		{914DFA2B-6AE2-48B7-B3BC-10107AEA102A}.Debug|Any CPU.Build.0 = Debug|Any CPU
		{914DFA2B-6AE2-48B7-B3BC-10107AEA102A}.Release|Any CPU.ActiveCfg = Release|Any CPU
		{914DFA2B-6AE2-48B7-B3BC-10107AEA102A}.Release|Any CPU.Build.0 = Release|Any CPU
		{9A0941D5-7422-42C6-BEBE-FEAF2F37BCF2}.Debug|Any CPU.ActiveCfg = Debug|Any CPU
		{9A0941D5-7422-42C6-BEBE-FEAF2F37BCF2}.Debug|Any CPU.Build.0 = Debug|Any CPU
		{9A0941D5-7422-42C6-BEBE-FEAF2F37BCF2}.Release|Any CPU.ActiveCfg = Release|Any CPU
		{9A0941D5-7422-42C6-BEBE-FEAF2F37BCF2}.Release|Any CPU.Build.0 = Release|Any CPU
		{3909945A-0A50-425B-8AA8-5A47B53F7315}.Debug|Any CPU.ActiveCfg = Debug|Any CPU
		{3909945A-0A50-425B-8AA8-5A47B53F7315}.Debug|Any CPU.Build.0 = Debug|Any CPU
		{3909945A-0A50-425B-8AA8-5A47B53F7315}.Release|Any CPU.ActiveCfg = Release|Any CPU
		{3909945A-0A50-425B-8AA8-5A47B53F7315}.Release|Any CPU.Build.0 = Release|Any CPU
		{9108DD2B-CB7F-4C86-A901-B6BDD78849E0}.Debug|Any CPU.ActiveCfg = Debug|Any CPU
		{9108DD2B-CB7F-4C86-A901-B6BDD78849E0}.Debug|Any CPU.Build.0 = Debug|Any CPU
		{9108DD2B-CB7F-4C86-A901-B6BDD78849E0}.Release|Any CPU.ActiveCfg = Release|Any CPU
		{9108DD2B-CB7F-4C86-A901-B6BDD78849E0}.Release|Any CPU.Build.0 = Release|Any CPU
		{11EC3B9A-EF04-41C7-9471-5BCD620EE00A}.Debug|Any CPU.ActiveCfg = Debug|Any CPU
		{11EC3B9A-EF04-41C7-9471-5BCD620EE00A}.Debug|Any CPU.Build.0 = Debug|Any CPU
		{11EC3B9A-EF04-41C7-9471-5BCD620EE00A}.Release|Any CPU.ActiveCfg = Release|Any CPU
		{11EC3B9A-EF04-41C7-9471-5BCD620EE00A}.Release|Any CPU.Build.0 = Release|Any CPU
		{C929856F-109D-4D06-A022-5AC3A4DA88A8}.Debug|Any CPU.ActiveCfg = Debug|Any CPU
		{C929856F-109D-4D06-A022-5AC3A4DA88A8}.Debug|Any CPU.Build.0 = Debug|Any CPU
		{C929856F-109D-4D06-A022-5AC3A4DA88A8}.Release|Any CPU.ActiveCfg = Release|Any CPU
		{C929856F-109D-4D06-A022-5AC3A4DA88A8}.Release|Any CPU.Build.0 = Release|Any CPU
		{C20F94E8-C151-44FA-8888-D1BFBBECD6DD}.Debug|Any CPU.ActiveCfg = Debug|Any CPU
		{C20F94E8-C151-44FA-8888-D1BFBBECD6DD}.Debug|Any CPU.Build.0 = Debug|Any CPU
		{C20F94E8-C151-44FA-8888-D1BFBBECD6DD}.Release|Any CPU.ActiveCfg = Release|Any CPU
		{C20F94E8-C151-44FA-8888-D1BFBBECD6DD}.Release|Any CPU.Build.0 = Release|Any CPU
		{8959BB3B-81DC-44A8-80B6-0362255C53DA}.Debug|Any CPU.ActiveCfg = Debug|Any CPU
		{8959BB3B-81DC-44A8-80B6-0362255C53DA}.Debug|Any CPU.Build.0 = Debug|Any CPU
		{8959BB3B-81DC-44A8-80B6-0362255C53DA}.Release|Any CPU.ActiveCfg = Release|Any CPU
		{8959BB3B-81DC-44A8-80B6-0362255C53DA}.Release|Any CPU.Build.0 = Release|Any CPU
	EndGlobalSection
	GlobalSection(SolutionProperties) = preSolution
		HideSolutionNode = FALSE
	EndGlobalSection
	GlobalSection(ExtensibilityGlobals) = postSolution
		SolutionGuid = {8E675A00-7BBF-44C3-90FB-4A16A97544A5}
	EndGlobalSection
EndGlobal
